{
    "_meta": {
        "hash": {
            "sha256": "fbd729af694b9f021cb11d45fecca2dd52e6dcb76bce8327299995b3bc8d4c71"
        },
        "pipfile-spec": 6,
        "requires": {
            "python_version": "3.8"
        },
        "sources": [
            {
                "name": "pypi",
                "url": "https://pypi.org/simple",
                "verify_ssl": true
            }
        ]
    },
    "default": {
        "anvil-parser": {
            "hashes": [
                "sha256:72a0a9154cc05d57cf443ba4862e583faa1108135c6609ca74d9dd39925da49d",
                "sha256:9c7a61396d2a619b67f9156c48912eddbfd8cfe05eeeee792fb685af37c1b8bc"
            ],
            "index": "pypi",
            "version": "==0.1.1"
        },
        "frozendict": {
            "hashes": [
                "sha256:774179f22db2ef8a106e9c38d4d1f8503864603db08de2e33be5b778230f6e45"
            ],
            "index": "pypi",
            "version": "==1.2"
        },
        "nbt": {
            "hashes": [
                "sha256:77dcf9d3fcb41a04fe7f407e902cf78c1dadc589d2e68d0a77e1b62b64a9be7e",
                "sha256:834505e9137d00ab5b098979b4e1d383a14061e80364a7f1b9587839b2743f5e",
                "sha256:f3585248e6747c6ede39be49a9d54ade8f63ce9beb42a6682c0323d32073c7f9"
            ],
            "index": "pypi",
            "version": "==1.5.0"
        }
    },
    "develop": {}
}
